// !$*UTF8*$!
{
	archiveVersion = 1;
	classes = {
	};
	objectVersion = 46;
	objects = {

/* Begin PBXBuildFile section */
		6D1F9F851B4BFC380066BCE9 /* AppDelegate.swift in Sources */ = {isa = PBXBuildFile; fileRef = 6D1F9F841B4BFC380066BCE9 /* AppDelegate.swift */; };
		6D1F9F871B4BFC380066BCE9 /* ViewController.swift in Sources */ = {isa = PBXBuildFile; fileRef = 6D1F9F861B4BFC380066BCE9 /* ViewController.swift */; };
		6D1F9F8A1B4BFC380066BCE9 /* Main.storyboard in Resources */ = {isa = PBXBuildFile; fileRef = 6D1F9F881B4BFC380066BCE9 /* Main.storyboard */; };
		6D1F9F8C1B4BFC380066BCE9 /* Images.xcassets in Resources */ = {isa = PBXBuildFile; fileRef = 6D1F9F8B1B4BFC380066BCE9 /* Images.xcassets */; };
		6D1F9F8F1B4BFC380066BCE9 /* LaunchScreen.xib in Resources */ = {isa = PBXBuildFile; fileRef = 6D1F9F8D1B4BFC380066BCE9 /* LaunchScreen.xib */; };
		6D1F9F9B1B4BFC390066BCE9 /* BasicCalTests.swift in Sources */ = {isa = PBXBuildFile; fileRef = 6D1F9F9A1B4BFC390066BCE9 /* BasicCalTests.swift */; };
/* End PBXBuildFile section */

/* Begin PBXContainerItemProxy section */
		6D1F9F951B4BFC390066BCE9 /* PBXContainerItemProxy */ = {
			isa = PBXContainerItemProxy;
			containerPortal = 6D1F9F771B4BFC380066BCE9 /* Project object */;
			proxyType = 1;
			remoteGlobalIDString = 6D1F9F7E1B4BFC380066BCE9;
			remoteInfo = BasicCal;
		};
/* End PBXContainerItemProxy section */

/* Begin PBXFileReference section */
		6D1F9F7F1B4BFC380066BCE9 /* BasicCal.app */ = {isa = PBXFileReference; explicitFileType = wrapper.application; includeInIndex = 0; path = BasicCal.app; sourceTree = BUILT_PRODUCTS_DIR; };
		6D1F9F831B4BFC380066BCE9 /* Info.plist */ = {isa = PBXFileReference; lastKnownFileType = text.plist.xml; path = Info.plist; sourceTree = "<group>"; };
		6D1F9F841B4BFC380066BCE9 /* AppDelegate.swift */ = {isa = PBXFileReference; lastKnownFileType = sourcecode.swift; path = AppDelegate.swift; sourceTree = "<group>"; };
		6D1F9F861B4BFC380066BCE9 /* ViewController.swift */ = {isa = PBXFileReference; lastKnownFileType = sourcecode.swift; path = ViewController.swift; sourceTree = "<group>"; };
		6D1F9F891B4BFC380066BCE9 /* Base */ = {isa = PBXFileReference; lastKnownFileType = file.storyboard; name = Base; path = Base.lproj/Main.storyboard; sourceTree = "<group>"; };
		6D1F9F8B1B4BFC380066BCE9 /* Images.xcassets */ = {isa = PBXFileReference; lastKnownFileType = folder.assetcatalog; path = Images.xcassets; sourceTree = "<group>"; };
		6D1F9F8E1B4BFC380066BCE9 /* Base */ = {isa = PBXFileReference; lastKnownFileType = file.xib; name = Base; path = Base.lproj/LaunchScreen.xib; sourceTree = "<group>"; };
		6D1F9F941B4BFC390066BCE9 /* BasicCalTests.xctest */ = {isa = PBXFileReference; explicitFileType = wrapper.cfbundle; includeInIndex = 0; path = BasicCalTests.xctest; sourceTree = BUILT_PRODUCTS_DIR; };
		6D1F9F991B4BFC390066BCE9 /* Info.plist */ = {isa = PBXFileReference; lastKnownFileType = text.plist.xml; path = Info.plist; sourceTree = "<group>"; };
		6D1F9F9A1B4BFC390066BCE9 /* BasicCalTests.swift */ = {isa = PBXFileReference; lastKnownFileType = sourcecode.swift; path = BasicCalTests.swift; sourceTree = "<group>"; };
/* End PBXFileReference section */

/* Begin PBXFrameworksBuildPhase section */
		6D1F9F7C1B4BFC380066BCE9 /* Frameworks */ = {
			isa = PBXFrameworksBuildPhase;
			buildActionMask = 2147483647;
			files = (
			);
			runOnlyForDeploymentPostprocessing = 0;
		};
		6D1F9F911B4BFC390066BCE9 /* Frameworks */ = {
			isa = PBXFrameworksBuildPhase;
			buildActionMask = 2147483647;
			files = (
			);
			runOnlyForDeploymentPostprocessing = 0;
		};
/* End PBXFrameworksBuildPhase section */

/* Begin PBXGroup section */
		6D1F9F761B4BFC380066BCE9 = {
			isa = PBXGroup;
			children = (
				6D1F9F811B4BFC380066BCE9 /* BasicCal */,
				6D1F9F971B4BFC390066BCE9 /* BasicCalTests */,
				6D1F9F801B4BFC380066BCE9 /* Products */,
			);
			sourceTree = "<group>";
		};
		6D1F9F801B4BFC380066BCE9 /* Products */ = {
			isa = PBXGroup;
			children = (
				6D1F9F7F1B4BFC380066BCE9 /* BasicCal.app */,
				6D1F9F941B4BFC390066BCE9 /* BasicCalTests.xctest */,
			);
			name = Products;
			sourceTree = "<group>";
		};
		6D1F9F811B4BFC380066BCE9 /* BasicCal */ = {
			isa = PBXGroup;
			children = (
				6D1F9F841B4BFC380066BCE9 /* AppDelegate.swift */,
				6D1F9F861B4BFC380066BCE9 /* ViewController.swift */,
				6D1F9F881B4BFC380066BCE9 /* Main.storyboard */,
				6D1F9F8B1B4BFC380066BCE9 /* Images.xcassets */,
				6D1F9F8D1B4BFC380066BCE9 /* LaunchScreen.xib */,
				6D1F9F821B4BFC380066BCE9 /* Supporting Files */,
			);
			path = BasicCal;
			sourceTree = "<group>";
		};
		6D1F9F821B4BFC380066BCE9 /* Supporting Files */ = {
			isa = PBXGroup;
			children = (
				6D1F9F831B4BFC380066BCE9 /* Info.plist */,
			);
			name = "Supporting Files";
			sourceTree = "<group>";
		};
		6D1F9F971B4BFC390066BCE9 /* BasicCalTests */ = {
			isa = PBXGroup;
			children = (
				6D1F9F9A1B4BFC390066BCE9 /* BasicCalTests.swift */,
				6D1F9F981B4BFC390066BCE9 /* Supporting Files */,
			);
			path = BasicCalTests;
			sourceTree = "<group>";
		};
		6D1F9F981B4BFC390066BCE9 /* Supporting Files */ = {
			isa = PBXGroup;
			children = (
				6D1F9F991B4BFC390066BCE9 /* Info.plist */,
			);
			name = "Supporting Files";
			sourceTree = "<group>";
		};
/* End PBXGroup section */

/* Begin PBXNativeTarget section */
		6D1F9F7E1B4BFC380066BCE9 /* BasicCal */ = {
			isa = PBXNativeTarget;
			buildConfigurationList = 6D1F9F9E1B4BFC390066BCE9 /* Build configuration list for PBXNativeTarget "BasicCal" */;
			buildPhases = (
				6D1F9F7B1B4BFC380066BCE9 /* Sources */,
				6D1F9F7C1B4BFC380066BCE9 /* Frameworks */,
				6D1F9F7D1B4BFC380066BCE9 /* Resources */,
			);
			buildRules = (
			);
			dependencies = (
			);
			name = BasicCal;
			productName = BasicCal;
			productReference = 6D1F9F7F1B4BFC380066BCE9 /* BasicCal.app */;
			productType = "com.apple.product-type.application";
		};
		6D1F9F931B4BFC390066BCE9 /* BasicCalTests */ = {
			isa = PBXNativeTarget;
			buildConfigurationList = 6D1F9FA11B4BFC390066BCE9 /* Build configuration list for PBXNativeTarget "BasicCalTests" */;
			buildPhases = (
				6D1F9F901B4BFC390066BCE9 /* Sources */,
				6D1F9F911B4BFC390066BCE9 /* Frameworks */,
				6D1F9F921B4BFC390066BCE9 /* Resources */,
			);
			buildRules = (
			);
			dependencies = (
				6D1F9F961B4BFC390066BCE9 /* PBXTargetDependency */,
			);
			name = BasicCalTests;
			productName = BasicCalTests;
			productReference = 6D1F9F941B4BFC390066BCE9 /* BasicCalTests.xctest */;
			productType = "com.apple.product-type.bundle.unit-test";
		};
/* End PBXNativeTarget section */

/* Begin PBXProject section */
		6D1F9F771B4BFC380066BCE9 /* Project object */ = {
			isa = PBXProject;
			attributes = {
				LastSwiftUpdateCheck = 0700;
				LastUpgradeCheck = 0640;
				ORGANIZATIONNAME = "Charlie Chao";
				TargetAttributes = {
					6D1F9F7E1B4BFC380066BCE9 = {
						CreatedOnToolsVersion = 6.4;
					};
					6D1F9F931B4BFC390066BCE9 = {
						CreatedOnToolsVersion = 6.4;
						TestTargetID = 6D1F9F7E1B4BFC380066BCE9;
					};
				};
			};
			buildConfigurationList = 6D1F9F7A1B4BFC380066BCE9 /* Build configuration list for PBXProject "BasicCal" */;
			compatibilityVersion = "Xcode 3.2";
			developmentRegion = English;
			hasScannedForEncodings = 0;
			knownRegions = (
				en,
				Base,
			);
			mainGroup = 6D1F9F761B4BFC380066BCE9;
			productRefGroup = 6D1F9F801B4BFC380066BCE9 /* Products */;
			projectDirPath = "";
			projectRoot = "";
			targets = (
				6D1F9F7E1B4BFC380066BCE9 /* BasicCal */,
				6D1F9F931B4BFC390066BCE9 /* BasicCalTests */,
			);
		};
/* End PBXProject section */

/* Begin PBXResourcesBuildPhase section */
		6D1F9F7D1B4BFC380066BCE9 /* Resources */ = {
			isa = PBXResourcesBuildPhase;
			buildActionMask = 2147483647;
			files = (
				6D1F9F8A1B4BFC380066BCE9 /* Main.storyboard in Resources */,
				6D1F9F8F1B4BFC380066BCE9 /* LaunchScreen.xib in Resources */,
				6D1F9F8C1B4BFC380066BCE9 /* Images.xcassets in Resources */,
			);
			runOnlyForDeploymentPostprocessing = 0;
		};
		6D1F9F921B4BFC390066BCE9 /* Resources */ = {
			isa = PBXResourcesBuildPhase;
			buildActionMask = 2147483647;
			files = (
			);
			runOnlyForDeploymentPostprocessing = 0;
		};
/* End PBXResourcesBuildPhase section */

/* Begin PBXSourcesBuildPhase section */
		6D1F9F7B1B4BFC380066BCE9 /* Sources */ = {
			isa = PBXSourcesBuildPhase;
			buildActionMask = 2147483647;
			files = (
				6D1F9F871B4BFC380066BCE9 /* ViewController.swift in Sources */,
				6D1F9F851B4BFC380066BCE9 /* AppDelegate.swift in Sources */,
			);
			runOnlyForDeploymentPostprocessing = 0;
		};
		6D1F9F901B4BFC390066BCE9 /* Sources */ = {
			isa = PBXSourcesBuildPhase;
			buildActionMask = 2147483647;
			files = (
				6D1F9F9B1B4BFC390066BCE9 /* BasicCalTests.swift in Sources */,
			);
			runOnlyForDeploymentPostprocessing = 0;
		};
/* End PBXSourcesBuildPhase section */

/* Begin PBXTargetDependency section */
		6D1F9F961B4BFC390066BCE9 /* PBXTargetDependency */ = {
			isa = PBXTargetDependency;
			target = 6D1F9F7E1B4BFC380066BCE9 /* BasicCal */;
			targetProxy = 6D1F9F951B4BFC390066BCE9 /* PBXContainerItemProxy */;
		};
/* End PBXTargetDependency section */

/* Begin PBXVariantGroup section */
		6D1F9F881B4BFC380066BCE9 /* Main.storyboard */ = {
			isa = PBXVariantGroup;
			children = (
				6D1F9F891B4BFC380066BCE9 /* Base */,
			);
			name = Main.storyboard;
			sourceTree = "<group>";
		};
		6D1F9F8D1B4BFC380066BCE9 /* LaunchScreen.xib */ = {
			isa = PBXVariantGroup;
			children = (
				6D1F9F8E1B4BFC380066BCE9 /* Base */,
			);
			name = LaunchScreen.xib;
			sourceTree = "<group>";
		};
/* End PBXVariantGroup section */

/* Begin XCBuildConfiguration section */
		6D1F9F9C1B4BFC390066BCE9 /* Debug */ = {
			isa = XCBuildConfiguration;
			buildSettings = {
				ALWAYS_SEARCH_USER_PATHS = NO;
				CLANG_CXX_LANGUAGE_STANDARD = "gnu++0x";
				CLANG_CXX_LIBRARY = "libc++";
				CLANG_ENABLE_MODULES = YES;
				CLANG_ENABLE_OBJC_ARC = YES;
				CLANG_WARN_BOOL_CONVERSION = YES;
				CLANG_WARN_CONSTANT_CONVERSION = YES;
				CLANG_WARN_DIRECT_OBJC_ISA_USAGE = YES_ERROR;
				CLANG_WARN_EMPTY_BODY = YES;
				CLANG_WARN_ENUM_CONVERSION = YES;
				CLANG_WARN_INT_CONVERSION = YES;
				CLANG_WARN_OBJC_ROOT_CLASS = YES_ERROR;
				CLANG_WARN_UNREACHABLE_CODE = YES;
				CLANG_WARN__DUPLICATE_METHOD_MATCH = YES;
				"CODE_SIGN_IDENTITY[sdk=iphoneos*]" = "iPhone Developer";
				COPY_PHASE_STRIP = NO;
				DEBUG_INFORMATION_FORMAT = "dwarf-with-dsym";
				ENABLE_STRICT_OBJC_MSGSEND = YES;
				GCC_C_LANGUAGE_STANDARD = gnu99;
				GCC_DYNAMIC_NO_PIC = NO;
				GCC_NO_COMMON_BLOCKS = YES;
				GCC_OPTIMIZATION_LEVEL = 0;
				GCC_PREPROCESSOR_DEFINITIONS = (
					"DEBUG=1",
					"$(inherited)",
				);
				GCC_SYMBOLS_PRIVATE_EXTERN = NO;
				GCC_WARN_64_TO_32_BIT_CONVERSION = YES;
				GCC_WARN_ABOUT_RETURN_TYPE = YES_ERROR;
				GCC_WARN_UNDECLARED_SELECTOR = YES;
				GCC_WARN_UNINITIALIZED_AUTOS = YES_AGGRESSIVE;
				GCC_WARN_UNUSED_FUNCTION = YES;
				GCC_WARN_UNUSED_VARIABLE = YES;
				IPHONEOS_DEPLOYMENT_TARGET = 8.4;
				MTL_ENABLE_DEBUG_INFO = YES;
				ONLY_ACTIVE_ARCH = YES;
				SDKROOT = iphoneos;
				SWIFT_OPTIMIZATION_LEVEL = "-Onone";
				TARGETED_DEVICE_FAMILY = "1,2";
			};
			name = Debug;
		};
		6D1F9F9D1B4BFC390066BCE9 /* Release */ = {
			isa = XCBuildConfiguration;
			buildSettings = {
				ALWAYS_SEARCH_USER_PATHS = NO;
				CLANG_CXX_LANGUAGE_STANDARD = "gnu++0x";
				CLANG_CXX_LIBRARY = "libc++";
				CLANG_ENABLE_MODULES = YES;
				CLANG_ENABLE_OBJC_ARC = YES;
				CLANG_WARN_BOOL_CONVERSION = YES;
				CLANG_WARN_CONSTANT_CONVERSION = YES;
				CLANG_WARN_DIRECT_OBJC_ISA_USAGE = YES_ERROR;
				CLANG_WARN_EMPTY_BODY = YES;
				CLANG_WARN_ENUM_CONVERSION = YES;
				CLANG_WARN_INT_CONVERSION = YES;
				CLANG_WARN_OBJC_ROOT_CLASS = YES_ERROR;
				CLANG_WARN_UNREACHABLE_CODE = YES;
				CLANG_WARN__DUPLICATE_METHOD_MATCH = YES;
				"CODE_SIGN_IDENTITY[sdk=iphoneos*]" = "iPhone Developer";
				COPY_PHASE_STRIP = NO;
				DEBUG_INFORMATION_FORMAT = "dwarf-with-dsym";
				ENABLE_NS_ASSERTIONS = NO;
				ENABLE_STRICT_OBJC_MSGSEND = YES;
				GCC_C_LANGUAGE_STANDARD = gnu99;
				GCC_NO_COMMON_BLOCKS = YES;
				GCC_WARN_64_TO_32_BIT_CONVERSION = YES;
				GCC_WARN_ABOUT_RETURN_TYPE = YES_ERROR;
				GCC_WARN_UNDECLARED_SELECTOR = YES;
				GCC_WARN_UNINITIALIZED_AUTOS = YES_AGGRESSIVE;
				GCC_WARN_UNUSED_FUNCTION = YES;
				GCC_WARN_UNUSED_VARIABLE = YES;
				IPHONEOS_DEPLOYMENT_TARGET = 8.4;
				MTL_ENABLE_DEBUG_INFO = NO;
				SDKROOT = iphoneos;
				TARGETED_DEVICE_FAMILY = "1,2";
				VALIDATE_PRODUCT = YES;
			};
			name = Release;
		};
		6D1F9F9F1B4BFC390066BCE9 /* Debug */ = {
			isa = XCBuildConfiguration;
			buildSettings = {
				ASSETCATALOG_COMPILER_APPICON_NAME = AppIcon;
				INFOPLIST_FILE = BasicCal/Info.plist;
				LD_RUNPATH_SEARCH_PATHS = "$(inherited) @executable_path/Frameworks";
				PRODUCT_NAME = "$(TARGET_NAME)";
			};
			name = Debug;
		};
		6D1F9FA01B4BFC390066BCE9 /* Release */ = {
			isa = XCBuildConfiguration;
			buildSettings = {
				ASSETCATALOG_COMPILER_APPICON_NAME = AppIcon;
				INFOPLIST_FILE = BasicCal/Info.plist;
				LD_RUNPATH_SEARCH_PATHS = "$(inherited) @executable_path/Frameworks";
				PRODUCT_NAME = "$(TARGET_NAME)";
			};
			name = Release;
		};
		6D1F9FA21B4BFC390066BCE9 /* Debug */ = {
			isa = XCBuildConfiguration;
			buildSettings = {
				BUNDLE_LOADER = "$(TEST_HOST)";
				FRAMEWORK_SEARCH_PATHS = (
					"$(SDKROOT)/Developer/Library/Frameworks",
					"$(inherited)",
				);
				GCC_PREPROCESSOR_DEFINITIONS = (
					"DEBUG=1",
					"$(inherited)",
				);
				INFOPLIST_FILE = BasicCalTests/Info.plist;
				LD_RUNPATH_SEARCH_PATHS = "$(inherited) @executable_path/Frameworks @loader_path/Frameworks";
				PRODUCT_NAME = "$(TARGET_NAME)";
				TEST_HOST = "$(BUILT_PRODUCTS_DIR)/BasicCal.app/BasicCal";
			};
			name = Debug;
		};
		6D1F9FA31B4BFC390066BCE9 /* Release */ = {
			isa = XCBuildConfiguration;
			buildSettings = {
				BUNDLE_LOADER = "$(TEST_HOST)";
				FRAMEWORK_SEARCH_PATHS = (
					"$(SDKROOT)/Developer/Library/Frameworks",
					"$(inherited)",
				);
				INFOPLIST_FILE = BasicCalTests/Info.plist;
				LD_RUNPATH_SEARCH_PATHS = "$(inherited) @executable_path/Frameworks @loader_path/Frameworks";
				PRODUCT_NAME = "$(TARGET_NAME)";
				TEST_HOST = "$(BUILT_PRODUCTS_DIR)/BasicCal.app/BasicCal";
			};
			name = Release;
		};
/* End XCBuildConfiguration section */

/* Begin XCConfigurationList section */
		6D1F9F7A1B4BFC380066BCE9 /* Build configuration list for PBXProject "BasicCal" */ = {
			isa = XCConfigurationList;
			buildConfigurations = (
				6D1F9F9C1B4BFC390066BCE9 /* Debug */,
				6D1F9F9D1B4BFC390066BCE9 /* Release */,
			);
			defaultConfigurationIsVisible = 0;
			defaultConfigurationName = Release;
		};
		6D1F9F9E1B4BFC390066BCE9 /* Build configuration list for PBXNativeTarget "BasicCal" */ = {
			isa = XCConfigurationList;
			buildConfigurations = (
				6D1F9F9F1B4BFC390066BCE9 /* Debug */,
				6D1F9FA01B4BFC390066BCE9 /* Release */,
			);
			defaultConfigurationIsVisible = 0;
			defaultConfigurationName = Release;
		};
		6D1F9FA11B4BFC390066BCE9 /* Build configuration list for PBXNativeTarget "BasicCalTests" */ = {
			isa = XCConfigurationList;
			buildConfigurations = (
				6D1F9FA21B4BFC390066BCE9 /* Debug */,
				6D1F9FA31B4BFC390066BCE9 /* Release */,
			);
			defaultConfigurationIsVisible = 0;
			defaultConfigurationName = Release;
		};
/* End XCConfigurationList section */
	};
	rootObject = 6D1F9F771B4BFC380066BCE9 /* Project object */;
}
