// !$*UTF8*$!
{
	archiveVersion = 1;
	classes = {
	};
	objectVersion = 46;
	objects = {

/* Begin PBXBuildFile section */
		E41B493E1B836EAB00FA3777 /* genericCompany.png in Resources */ = {isa = PBXBuildFile; fileRef = E41B493D1B836EAB00FA3777 /* genericCompany.png */; };
		E435C1E91B81B36100583508 /* images.jpeg in Resources */ = {isa = PBXBuildFile; fileRef = E435C1E81B81B36100583508 /* images.jpeg */; };
		E4375D781B7D065C0049F88D /* SettingsSignUpViewController.swift in Sources */ = {isa = PBXBuildFile; fileRef = E4375D771B7D065C0049F88D /* SettingsSignUpViewController.swift */; };
		E4375D7A1B7D06C30049F88D /* SettingsNavigationController.swift in Sources */ = {isa = PBXBuildFile; fileRef = E4375D791B7D06C30049F88D /* SettingsNavigationController.swift */; };
		E4375D7C1B7DF2050049F88D /* CandidateProfileViewController.swift in Sources */ = {isa = PBXBuildFile; fileRef = E4375D7B1B7DF2050049F88D /* CandidateProfileViewController.swift */; };
		E475E6EB1B7FA1CC00F5FB98 /* ProfileViewNavigationController.swift in Sources */ = {isa = PBXBuildFile; fileRef = E475E6EA1B7FA1CC00F5FB98 /* ProfileViewNavigationController.swift */; };
		E4940D011B84A06A00F4FB85 /* gender_neutral_user_filled-50.png in Resources */ = {isa = PBXBuildFile; fileRef = E4940D001B84A06A00F4FB85 /* gender_neutral_user_filled-50.png */; };
		E4C39F891B7E407200559E8B /* IndividualProfileViewController.swift in Sources */ = {isa = PBXBuildFile; fileRef = E4C39F881B7E407200559E8B /* IndividualProfileViewController.swift */; };
		E4CD21561B7C46C4003C9395 /* rootUINavigationController.swift in Sources */ = {isa = PBXBuildFile; fileRef = E4CD21551B7C46C4003C9395 /* rootUINavigationController.swift */; };
		E4E216751B7BA0BE00746041 /* gender_neutral_user-25.png in Resources */ = {isa = PBXBuildFile; fileRef = E4E216711B7BA0BE00746041 /* gender_neutral_user-25.png */; };
		E4E216761B7BA0BE00746041 /* settings-25.png in Resources */ = {isa = PBXBuildFile; fileRef = E4E216721B7BA0BE00746041 /* settings-25.png */; };
		E4E216771B7BA0BE00746041 /* services-25.png in Resources */ = {isa = PBXBuildFile; fileRef = E4E216731B7BA0BE00746041 /* services-25.png */; };
		E4E216781B7BA0BE00746041 /* business-25.png in Resources */ = {isa = PBXBuildFile; fileRef = E4E216741B7BA0BE00746041 /* business-25.png */; };
		E4E2167A1B7C3E7200746041 /* jobDescriptionViewController.swift in Sources */ = {isa = PBXBuildFile; fileRef = E4E216791B7C3E7200746041 /* jobDescriptionViewController.swift */; };
		E4EABBB71B7B1FE3001F9624 /* AppDelegate.swift in Sources */ = {isa = PBXBuildFile; fileRef = E4EABBB61B7B1FE3001F9624 /* AppDelegate.swift */; };
		E4EABBBA1B7B1FE3001F9624 /* HELPER.xcdatamodeld in Sources */ = {isa = PBXBuildFile; fileRef = E4EABBB81B7B1FE3001F9624 /* HELPER.xcdatamodeld */; };
		E4EABBBC1B7B1FE3001F9624 /* ViewController.swift in Sources */ = {isa = PBXBuildFile; fileRef = E4EABBBB1B7B1FE3001F9624 /* ViewController.swift */; };
		E4EABBBF1B7B1FE3001F9624 /* Main.storyboard in Resources */ = {isa = PBXBuildFile; fileRef = E4EABBBD1B7B1FE3001F9624 /* Main.storyboard */; };
		E4EABBC11B7B1FE3001F9624 /* Images.xcassets in Resources */ = {isa = PBXBuildFile; fileRef = E4EABBC01B7B1FE3001F9624 /* Images.xcassets */; };
		E4EABBC41B7B1FE3001F9624 /* LaunchScreen.xib in Resources */ = {isa = PBXBuildFile; fileRef = E4EABBC21B7B1FE3001F9624 /* LaunchScreen.xib */; };
		E4EABBD01B7B1FE3001F9624 /* HELPERTests.swift in Sources */ = {isa = PBXBuildFile; fileRef = E4EABBCF1B7B1FE3001F9624 /* HELPERTests.swift */; };
		E4EABBE01B7B203D001F9624 /* Bolts.framework in Frameworks */ = {isa = PBXBuildFile; fileRef = E4EABBDA1B7B203D001F9624 /* Bolts.framework */; };
		E4EABBE11B7B203D001F9624 /* Parse.framework in Frameworks */ = {isa = PBXBuildFile; fileRef = E4EABBDB1B7B203D001F9624 /* Parse.framework */; };
		E4EABBE21B7B203D001F9624 /* ParseCrashReporting.framework in Frameworks */ = {isa = PBXBuildFile; fileRef = E4EABBDC1B7B203D001F9624 /* ParseCrashReporting.framework */; };
		E4EABBE31B7B203D001F9624 /* ParseFacebookUtils.framework in Frameworks */ = {isa = PBXBuildFile; fileRef = E4EABBDD1B7B203D001F9624 /* ParseFacebookUtils.framework */; };
		E4EABBE41B7B203D001F9624 /* ParseFacebookUtilsV4.framework in Frameworks */ = {isa = PBXBuildFile; fileRef = E4EABBDE1B7B203D001F9624 /* ParseFacebookUtilsV4.framework */; };
		E4EABBE51B7B203D001F9624 /* ParseUI.framework in Frameworks */ = {isa = PBXBuildFile; fileRef = E4EABBDF1B7B203D001F9624 /* ParseUI.framework */; };
		E4EABBF01B7B20B2001F9624 /* AudioToolbox.framework in Frameworks */ = {isa = PBXBuildFile; fileRef = E4EABBE61B7B20B2001F9624 /* AudioToolbox.framework */; };
		E4EABBF11B7B20B2001F9624 /* CFNetwork.framework in Frameworks */ = {isa = PBXBuildFile; fileRef = E4EABBE71B7B20B2001F9624 /* CFNetwork.framework */; };
		E4EABBF21B7B20B2001F9624 /* CoreGraphics.framework in Frameworks */ = {isa = PBXBuildFile; fileRef = E4EABBE81B7B20B2001F9624 /* CoreGraphics.framework */; };
		E4EABBF31B7B20B2001F9624 /* CoreLocation.framework in Frameworks */ = {isa = PBXBuildFile; fileRef = E4EABBE91B7B20B2001F9624 /* CoreLocation.framework */; };
		E4EABBF41B7B20B2001F9624 /* libsqlite3.dylib in Frameworks */ = {isa = PBXBuildFile; fileRef = E4EABBEA1B7B20B2001F9624 /* libsqlite3.dylib */; };
		E4EABBF51B7B20B2001F9624 /* libz.dylib in Frameworks */ = {isa = PBXBuildFile; fileRef = E4EABBEB1B7B20B2001F9624 /* libz.dylib */; };
		E4EABBF61B7B20B2001F9624 /* QuartzCore.framework in Frameworks */ = {isa = PBXBuildFile; fileRef = E4EABBEC1B7B20B2001F9624 /* QuartzCore.framework */; };
		E4EABBF71B7B20B2001F9624 /* Security.framework in Frameworks */ = {isa = PBXBuildFile; fileRef = E4EABBED1B7B20B2001F9624 /* Security.framework */; };
		E4EABBF81B7B20B2001F9624 /* StoreKit.framework in Frameworks */ = {isa = PBXBuildFile; fileRef = E4EABBEE1B7B20B2001F9624 /* StoreKit.framework */; };
		E4EABBF91B7B20B2001F9624 /* SystemConfiguration.framework in Frameworks */ = {isa = PBXBuildFile; fileRef = E4EABBEF1B7B20B2001F9624 /* SystemConfiguration.framework */; };
		E4EABBFC1B7B20C8001F9624 /* Accounts.framework in Frameworks */ = {isa = PBXBuildFile; fileRef = E4EABBFA1B7B20C8001F9624 /* Accounts.framework */; };
		E4EABBFD1B7B20C8001F9624 /* Social.framework in Frameworks */ = {isa = PBXBuildFile; fileRef = E4EABBFB1B7B20C8001F9624 /* Social.framework */; };
		E4EABC031B7B2333001F9624 /* JobsViewController.swift in Sources */ = {isa = PBXBuildFile; fileRef = E4EABBFE1B7B2333001F9624 /* JobsViewController.swift */; };
		E4EABC041B7B2333001F9624 /* PostJobViewController.swift in Sources */ = {isa = PBXBuildFile; fileRef = E4EABBFF1B7B2333001F9624 /* PostJobViewController.swift */; };
		E4EABC051B7B2333001F9624 /* SettingsViewController.swift in Sources */ = {isa = PBXBuildFile; fileRef = E4EABC001B7B2333001F9624 /* SettingsViewController.swift */; };
		E4EABC061B7B2333001F9624 /* CompaniesViewController.swift in Sources */ = {isa = PBXBuildFile; fileRef = E4EABC011B7B2333001F9624 /* CompaniesViewController.swift */; };
		E4EABC071B7B2333001F9624 /* ProfilesViewController.swift in Sources */ = {isa = PBXBuildFile; fileRef = E4EABC021B7B2333001F9624 /* ProfilesViewController.swift */; };
/* End PBXBuildFile section */

/* Begin PBXContainerItemProxy section */
		E4EABBCA1B7B1FE3001F9624 /* PBXContainerItemProxy */ = {
			isa = PBXContainerItemProxy;
			containerPortal = E4EABBA91B7B1FE3001F9624 /* Project object */;
			proxyType = 1;
			remoteGlobalIDString = E4EABBB01B7B1FE3001F9624;
			remoteInfo = HELPER;
		};
/* End PBXContainerItemProxy section */

/* Begin PBXFileReference section */
		E41B493D1B836EAB00FA3777 /* genericCompany.png */ = {isa = PBXFileReference; lastKnownFileType = image.png; path = genericCompany.png; sourceTree = "<group>"; };
		E435C1E81B81B36100583508 /* images.jpeg */ = {isa = PBXFileReference; lastKnownFileType = image.jpeg; path = images.jpeg; sourceTree = "<group>"; };
		E4375D771B7D065C0049F88D /* SettingsSignUpViewController.swift */ = {isa = PBXFileReference; fileEncoding = 4; lastKnownFileType = sourcecode.swift; name = SettingsSignUpViewController.swift; path = ../SettingsSignUpViewController.swift; sourceTree = "<group>"; };
		E4375D791B7D06C30049F88D /* SettingsNavigationController.swift */ = {isa = PBXFileReference; fileEncoding = 4; lastKnownFileType = sourcecode.swift; name = SettingsNavigationController.swift; path = ../SettingsNavigationController.swift; sourceTree = "<group>"; };
		E4375D7B1B7DF2050049F88D /* CandidateProfileViewController.swift */ = {isa = PBXFileReference; fileEncoding = 4; lastKnownFileType = sourcecode.swift; path = CandidateProfileViewController.swift; sourceTree = "<group>"; };
		E475E6EA1B7FA1CC00F5FB98 /* ProfileViewNavigationController.swift */ = {isa = PBXFileReference; fileEncoding = 4; lastKnownFileType = sourcecode.swift; path = ProfileViewNavigationController.swift; sourceTree = "<group>"; };
		E4940D001B84A06A00F4FB85 /* gender_neutral_user_filled-50.png */ = {isa = PBXFileReference; lastKnownFileType = image.png; path = "gender_neutral_user_filled-50.png"; sourceTree = "<group>"; };
		E4C39F881B7E407200559E8B /* IndividualProfileViewController.swift */ = {isa = PBXFileReference; fileEncoding = 4; lastKnownFileType = sourcecode.swift; path = IndividualProfileViewController.swift; sourceTree = "<group>"; };
		E4CD21551B7C46C4003C9395 /* rootUINavigationController.swift */ = {isa = PBXFileReference; fileEncoding = 4; lastKnownFileType = sourcecode.swift; name = rootUINavigationController.swift; path = ../rootUINavigationController.swift; sourceTree = "<group>"; };
		E4E216711B7BA0BE00746041 /* gender_neutral_user-25.png */ = {isa = PBXFileReference; lastKnownFileType = image.png; path = "gender_neutral_user-25.png"; sourceTree = "<group>"; };
		E4E216721B7BA0BE00746041 /* settings-25.png */ = {isa = PBXFileReference; lastKnownFileType = image.png; path = "settings-25.png"; sourceTree = "<group>"; };
		E4E216731B7BA0BE00746041 /* services-25.png */ = {isa = PBXFileReference; lastKnownFileType = image.png; path = "services-25.png"; sourceTree = "<group>"; };
		E4E216741B7BA0BE00746041 /* business-25.png */ = {isa = PBXFileReference; lastKnownFileType = image.png; path = "business-25.png"; sourceTree = "<group>"; };
		E4E216791B7C3E7200746041 /* jobDescriptionViewController.swift */ = {isa = PBXFileReference; fileEncoding = 4; lastKnownFileType = sourcecode.swift; path = jobDescriptionViewController.swift; sourceTree = "<group>"; };
		E4EABBB11B7B1FE3001F9624 /* HELPER.app */ = {isa = PBXFileReference; explicitFileType = wrapper.application; includeInIndex = 0; path = HELPER.app; sourceTree = BUILT_PRODUCTS_DIR; };
		E4EABBB51B7B1FE3001F9624 /* Info.plist */ = {isa = PBXFileReference; lastKnownFileType = text.plist.xml; path = Info.plist; sourceTree = "<group>"; };
		E4EABBB61B7B1FE3001F9624 /* AppDelegate.swift */ = {isa = PBXFileReference; lastKnownFileType = sourcecode.swift; path = AppDelegate.swift; sourceTree = "<group>"; };
		E4EABBB91B7B1FE3001F9624 /* HELPER.xcdatamodel */ = {isa = PBXFileReference; lastKnownFileType = wrapper.xcdatamodel; path = HELPER.xcdatamodel; sourceTree = "<group>"; };
		E4EABBBB1B7B1FE3001F9624 /* ViewController.swift */ = {isa = PBXFileReference; lastKnownFileType = sourcecode.swift; path = ViewController.swift; sourceTree = "<group>"; };
		E4EABBBE1B7B1FE3001F9624 /* Base */ = {isa = PBXFileReference; lastKnownFileType = file.storyboard; name = Base; path = Base.lproj/Main.storyboard; sourceTree = "<group>"; };
		E4EABBC01B7B1FE3001F9624 /* Images.xcassets */ = {isa = PBXFileReference; lastKnownFileType = folder.assetcatalog; path = Images.xcassets; sourceTree = "<group>"; };
		E4EABBC31B7B1FE3001F9624 /* Base */ = {isa = PBXFileReference; lastKnownFileType = file.xib; name = Base; path = Base.lproj/LaunchScreen.xib; sourceTree = "<group>"; };
		E4EABBC91B7B1FE3001F9624 /* HELPERTests.xctest */ = {isa = PBXFileReference; explicitFileType = wrapper.cfbundle; includeInIndex = 0; path = HELPERTests.xctest; sourceTree = BUILT_PRODUCTS_DIR; };
		E4EABBCE1B7B1FE3001F9624 /* Info.plist */ = {isa = PBXFileReference; lastKnownFileType = text.plist.xml; path = Info.plist; sourceTree = "<group>"; };
		E4EABBCF1B7B1FE3001F9624 /* HELPERTests.swift */ = {isa = PBXFileReference; lastKnownFileType = sourcecode.swift; path = HELPERTests.swift; sourceTree = "<group>"; };
		E4EABBDA1B7B203D001F9624 /* Bolts.framework */ = {isa = PBXFileReference; lastKnownFileType = wrapper.framework; path = Bolts.framework; sourceTree = "<group>"; };
		E4EABBDB1B7B203D001F9624 /* Parse.framework */ = {isa = PBXFileReference; lastKnownFileType = wrapper.framework; path = Parse.framework; sourceTree = "<group>"; };
		E4EABBDC1B7B203D001F9624 /* ParseCrashReporting.framework */ = {isa = PBXFileReference; lastKnownFileType = wrapper.framework; path = ParseCrashReporting.framework; sourceTree = "<group>"; };
		E4EABBDD1B7B203D001F9624 /* ParseFacebookUtils.framework */ = {isa = PBXFileReference; lastKnownFileType = wrapper.framework; path = ParseFacebookUtils.framework; sourceTree = "<group>"; };
		E4EABBDE1B7B203D001F9624 /* ParseFacebookUtilsV4.framework */ = {isa = PBXFileReference; lastKnownFileType = wrapper.framework; path = ParseFacebookUtilsV4.framework; sourceTree = "<group>"; };
		E4EABBDF1B7B203D001F9624 /* ParseUI.framework */ = {isa = PBXFileReference; lastKnownFileType = wrapper.framework; path = ParseUI.framework; sourceTree = "<group>"; };
		E4EABBE61B7B20B2001F9624 /* AudioToolbox.framework */ = {isa = PBXFileReference; lastKnownFileType = wrapper.framework; name = AudioToolbox.framework; path = System/Library/Frameworks/AudioToolbox.framework; sourceTree = SDKROOT; };
		E4EABBE71B7B20B2001F9624 /* CFNetwork.framework */ = {isa = PBXFileReference; lastKnownFileType = wrapper.framework; name = CFNetwork.framework; path = System/Library/Frameworks/CFNetwork.framework; sourceTree = SDKROOT; };
		E4EABBE81B7B20B2001F9624 /* CoreGraphics.framework */ = {isa = PBXFileReference; lastKnownFileType = wrapper.framework; name = CoreGraphics.framework; path = System/Library/Frameworks/CoreGraphics.framework; sourceTree = SDKROOT; };
		E4EABBE91B7B20B2001F9624 /* CoreLocation.framework */ = {isa = PBXFileReference; lastKnownFileType = wrapper.framework; name = CoreLocation.framework; path = System/Library/Frameworks/CoreLocation.framework; sourceTree = SDKROOT; };
		E4EABBEA1B7B20B2001F9624 /* libsqlite3.dylib */ = {isa = PBXFileReference; lastKnownFileType = "compiled.mach-o.dylib"; name = libsqlite3.dylib; path = usr/lib/libsqlite3.dylib; sourceTree = SDKROOT; };
		E4EABBEB1B7B20B2001F9624 /* libz.dylib */ = {isa = PBXFileReference; lastKnownFileType = "compiled.mach-o.dylib"; name = libz.dylib; path = usr/lib/libz.dylib; sourceTree = SDKROOT; };
		E4EABBEC1B7B20B2001F9624 /* QuartzCore.framework */ = {isa = PBXFileReference; lastKnownFileType = wrapper.framework; name = QuartzCore.framework; path = System/Library/Frameworks/QuartzCore.framework; sourceTree = SDKROOT; };
		E4EABBED1B7B20B2001F9624 /* Security.framework */ = {isa = PBXFileReference; lastKnownFileType = wrapper.framework; name = Security.framework; path = System/Library/Frameworks/Security.framework; sourceTree = SDKROOT; };
		E4EABBEE1B7B20B2001F9624 /* StoreKit.framework */ = {isa = PBXFileReference; lastKnownFileType = wrapper.framework; name = StoreKit.framework; path = System/Library/Frameworks/StoreKit.framework; sourceTree = SDKROOT; };
		E4EABBEF1B7B20B2001F9624 /* SystemConfiguration.framework */ = {isa = PBXFileReference; lastKnownFileType = wrapper.framework; name = SystemConfiguration.framework; path = System/Library/Frameworks/SystemConfiguration.framework; sourceTree = SDKROOT; };
		E4EABBFA1B7B20C8001F9624 /* Accounts.framework */ = {isa = PBXFileReference; lastKnownFileType = wrapper.framework; name = Accounts.framework; path = System/Library/Frameworks/Accounts.framework; sourceTree = SDKROOT; };
		E4EABBFB1B7B20C8001F9624 /* Social.framework */ = {isa = PBXFileReference; lastKnownFileType = wrapper.framework; name = Social.framework; path = System/Library/Frameworks/Social.framework; sourceTree = SDKROOT; };
		E4EABBFE1B7B2333001F9624 /* JobsViewController.swift */ = {isa = PBXFileReference; fileEncoding = 4; lastKnownFileType = sourcecode.swift; path = JobsViewController.swift; sourceTree = "<group>"; };
		E4EABBFF1B7B2333001F9624 /* PostJobViewController.swift */ = {isa = PBXFileReference; fileEncoding = 4; lastKnownFileType = sourcecode.swift; path = PostJobViewController.swift; sourceTree = "<group>"; };
		E4EABC001B7B2333001F9624 /* SettingsViewController.swift */ = {isa = PBXFileReference; fileEncoding = 4; lastKnownFileType = sourcecode.swift; path = SettingsViewController.swift; sourceTree = "<group>"; };
		E4EABC011B7B2333001F9624 /* CompaniesViewController.swift */ = {isa = PBXFileReference; fileEncoding = 4; lastKnownFileType = sourcecode.swift; path = CompaniesViewController.swift; sourceTree = "<group>"; };
		E4EABC021B7B2333001F9624 /* ProfilesViewController.swift */ = {isa = PBXFileReference; fileEncoding = 4; lastKnownFileType = sourcecode.swift; path = ProfilesViewController.swift; sourceTree = "<group>"; wrapsLines = 1; };
/* End PBXFileReference section */

/* Begin PBXFrameworksBuildPhase section */
		E4EABBAE1B7B1FE3001F9624 /* Frameworks */ = {
			isa = PBXFrameworksBuildPhase;
			buildActionMask = 2147483647;
			files = (
				E4EABBFC1B7B20C8001F9624 /* Accounts.framework in Frameworks */,
				E4EABBFD1B7B20C8001F9624 /* Social.framework in Frameworks */,
				E4EABBF01B7B20B2001F9624 /* AudioToolbox.framework in Frameworks */,
				E4EABBF11B7B20B2001F9624 /* CFNetwork.framework in Frameworks */,
				E4EABBF21B7B20B2001F9624 /* CoreGraphics.framework in Frameworks */,
				E4EABBF31B7B20B2001F9624 /* CoreLocation.framework in Frameworks */,
				E4EABBF41B7B20B2001F9624 /* libsqlite3.dylib in Frameworks */,
				E4EABBF51B7B20B2001F9624 /* libz.dylib in Frameworks */,
				E4EABBF61B7B20B2001F9624 /* QuartzCore.framework in Frameworks */,
				E4EABBF71B7B20B2001F9624 /* Security.framework in Frameworks */,
				E4EABBF81B7B20B2001F9624 /* StoreKit.framework in Frameworks */,
				E4EABBF91B7B20B2001F9624 /* SystemConfiguration.framework in Frameworks */,
				E4EABBE51B7B203D001F9624 /* ParseUI.framework in Frameworks */,
				E4EABBE11B7B203D001F9624 /* Parse.framework in Frameworks */,
				E4EABBE21B7B203D001F9624 /* ParseCrashReporting.framework in Frameworks */,
				E4EABBE31B7B203D001F9624 /* ParseFacebookUtils.framework in Frameworks */,
				E4EABBE01B7B203D001F9624 /* Bolts.framework in Frameworks */,
				E4EABBE41B7B203D001F9624 /* ParseFacebookUtilsV4.framework in Frameworks */,
			);
			runOnlyForDeploymentPostprocessing = 0;
		};
		E4EABBC61B7B1FE3001F9624 /* Frameworks */ = {
			isa = PBXFrameworksBuildPhase;
			buildActionMask = 2147483647;
			files = (
			);
			runOnlyForDeploymentPostprocessing = 0;
		};
/* End PBXFrameworksBuildPhase section */

/* Begin PBXGroup section */
		E4E216701B7BA09A00746041 /* Icons */ = {
			isa = PBXGroup;
			children = (
				E4E216711B7BA0BE00746041 /* gender_neutral_user-25.png */,
				E4E216721B7BA0BE00746041 /* settings-25.png */,
				E4E216731B7BA0BE00746041 /* services-25.png */,
				E4E216741B7BA0BE00746041 /* business-25.png */,
				E435C1E81B81B36100583508 /* images.jpeg */,
				E41B493D1B836EAB00FA3777 /* genericCompany.png */,
				E4940D001B84A06A00F4FB85 /* gender_neutral_user_filled-50.png */,
			);
			name = Icons;
			path = HELPER;
			sourceTree = "<group>";
		};
		E4EABBA81B7B1FE3001F9624 = {
			isa = PBXGroup;
			children = (
				E4EABBB31B7B1FE3001F9624 /* HELPER */,
				E4EABBCC1B7B1FE3001F9624 /* HELPERTests */,
				E4EABBB21B7B1FE3001F9624 /* Products */,
				E4EABBD91B7B2000001F9624 /* Frameworks */,
				E4E216701B7BA09A00746041 /* Icons */,
			);
			sourceTree = "<group>";
		};
		E4EABBB21B7B1FE3001F9624 /* Products */ = {
			isa = PBXGroup;
			children = (
				E4EABBB11B7B1FE3001F9624 /* HELPER.app */,
				E4EABBC91B7B1FE3001F9624 /* HELPERTests.xctest */,
			);
			name = Products;
			sourceTree = "<group>";
		};
		E4EABBB31B7B1FE3001F9624 /* HELPER */ = {
			isa = PBXGroup;
			children = (
				E4CD21551B7C46C4003C9395 /* rootUINavigationController.swift */,
				E4EABBB61B7B1FE3001F9624 /* AppDelegate.swift */,
				E4EABBBB1B7B1FE3001F9624 /* ViewController.swift */,
				E4EABBFE1B7B2333001F9624 /* JobsViewController.swift */,
				E4EABBFF1B7B2333001F9624 /* PostJobViewController.swift */,
				E4E216791B7C3E7200746041 /* jobDescriptionViewController.swift */,
				E4EABC011B7B2333001F9624 /* CompaniesViewController.swift */,
				E4EABC021B7B2333001F9624 /* ProfilesViewController.swift */,
				E4375D7B1B7DF2050049F88D /* CandidateProfileViewController.swift */,
				E4C39F881B7E407200559E8B /* IndividualProfileViewController.swift */,
				E475E6EA1B7FA1CC00F5FB98 /* ProfileViewNavigationController.swift */,
				E4EABBBD1B7B1FE3001F9624 /* Main.storyboard */,
				E4EABC001B7B2333001F9624 /* SettingsViewController.swift */,
				E4375D771B7D065C0049F88D /* SettingsSignUpViewController.swift */,
				E4375D791B7D06C30049F88D /* SettingsNavigationController.swift */,
				E4EABBC01B7B1FE3001F9624 /* Images.xcassets */,
				E4EABBC21B7B1FE3001F9624 /* LaunchScreen.xib */,
				E4EABBB81B7B1FE3001F9624 /* HELPER.xcdatamodeld */,
				E4EABBB41B7B1FE3001F9624 /* Supporting Files */,
			);
			path = HELPER;
			sourceTree = "<group>";
		};
		E4EABBB41B7B1FE3001F9624 /* Supporting Files */ = {
			isa = PBXGroup;
			children = (
				E4EABBB51B7B1FE3001F9624 /* Info.plist */,
			);
			name = "Supporting Files";
			sourceTree = "<group>";
		};
		E4EABBCC1B7B1FE3001F9624 /* HELPERTests */ = {
			isa = PBXGroup;
			children = (
				E4EABBCF1B7B1FE3001F9624 /* HELPERTests.swift */,
				E4EABBCD1B7B1FE3001F9624 /* Supporting Files */,
			);
			path = HELPERTests;
			sourceTree = "<group>";
		};
		E4EABBCD1B7B1FE3001F9624 /* Supporting Files */ = {
			isa = PBXGroup;
			children = (
				E4EABBCE1B7B1FE3001F9624 /* Info.plist */,
			);
			name = "Supporting Files";
			sourceTree = "<group>";
		};
		E4EABBD91B7B2000001F9624 /* Frameworks */ = {
			isa = PBXGroup;
			children = (
				E4EABBFA1B7B20C8001F9624 /* Accounts.framework */,
				E4EABBFB1B7B20C8001F9624 /* Social.framework */,
				E4EABBE61B7B20B2001F9624 /* AudioToolbox.framework */,
				E4EABBE71B7B20B2001F9624 /* CFNetwork.framework */,
				E4EABBE81B7B20B2001F9624 /* CoreGraphics.framework */,
				E4EABBE91B7B20B2001F9624 /* CoreLocation.framework */,
				E4EABBEA1B7B20B2001F9624 /* libsqlite3.dylib */,
				E4EABBEB1B7B20B2001F9624 /* libz.dylib */,
				E4EABBEC1B7B20B2001F9624 /* QuartzCore.framework */,
				E4EABBED1B7B20B2001F9624 /* Security.framework */,
				E4EABBEE1B7B20B2001F9624 /* StoreKit.framework */,
				E4EABBEF1B7B20B2001F9624 /* SystemConfiguration.framework */,
				E4EABBDA1B7B203D001F9624 /* Bolts.framework */,
				E4EABBDB1B7B203D001F9624 /* Parse.framework */,
				E4EABBDC1B7B203D001F9624 /* ParseCrashReporting.framework */,
				E4EABBDD1B7B203D001F9624 /* ParseFacebookUtils.framework */,
				E4EABBDE1B7B203D001F9624 /* ParseFacebookUtilsV4.framework */,
				E4EABBDF1B7B203D001F9624 /* ParseUI.framework */,
			);
			name = Frameworks;
			path = HELPER;
			sourceTree = "<group>";
		};
/* End PBXGroup section */

/* Begin PBXNativeTarget section */
		E4EABBB01B7B1FE3001F9624 /* HELPER */ = {
			isa = PBXNativeTarget;
			buildConfigurationList = E4EABBD31B7B1FE3001F9624 /* Build configuration list for PBXNativeTarget "HELPER" */;
			buildPhases = (
				E4EABBAD1B7B1FE3001F9624 /* Sources */,
				E4EABBAE1B7B1FE3001F9624 /* Frameworks */,
				E4EABBAF1B7B1FE3001F9624 /* Resources */,
			);
			buildRules = (
			);
			dependencies = (
			);
			name = HELPER;
			productName = HELPER;
			productReference = E4EABBB11B7B1FE3001F9624 /* HELPER.app */;
			productType = "com.apple.product-type.application";
		};
		E4EABBC81B7B1FE3001F9624 /* HELPERTests */ = {
			isa = PBXNativeTarget;
			buildConfigurationList = E4EABBD61B7B1FE3001F9624 /* Build configuration list for PBXNativeTarget "HELPERTests" */;
			buildPhases = (
				E4EABBC51B7B1FE3001F9624 /* Sources */,
				E4EABBC61B7B1FE3001F9624 /* Frameworks */,
				E4EABBC71B7B1FE3001F9624 /* Resources */,
			);
			buildRules = (
			);
			dependencies = (
				E4EABBCB1B7B1FE3001F9624 /* PBXTargetDependency */,
			);
			name = HELPERTests;
			productName = HELPERTests;
			productReference = E4EABBC91B7B1FE3001F9624 /* HELPERTests.xctest */;
			productType = "com.apple.product-type.bundle.unit-test";
		};
/* End PBXNativeTarget section */

/* Begin PBXProject section */
		E4EABBA91B7B1FE3001F9624 /* Project object */ = {
			isa = PBXProject;
			attributes = {
				LastUpgradeCheck = 0640;
				ORGANIZATIONNAME = "Charlie Chao";
				TargetAttributes = {
					E4EABBB01B7B1FE3001F9624 = {
						CreatedOnToolsVersion = 6.4;
					};
					E4EABBC81B7B1FE3001F9624 = {
						CreatedOnToolsVersion = 6.4;
						TestTargetID = E4EABBB01B7B1FE3001F9624;
					};
				};
			};
			buildConfigurationList = E4EABBAC1B7B1FE3001F9624 /* Build configuration list for PBXProject "HELPER" */;
			compatibilityVersion = "Xcode 3.2";
			developmentRegion = English;
			hasScannedForEncodings = 0;
			knownRegions = (
				en,
				Base,
			);
			mainGroup = E4EABBA81B7B1FE3001F9624;
			productRefGroup = E4EABBB21B7B1FE3001F9624 /* Products */;
			projectDirPath = "";
			projectRoot = "";
			targets = (
				E4EABBB01B7B1FE3001F9624 /* HELPER */,
				E4EABBC81B7B1FE3001F9624 /* HELPERTests */,
			);
		};
/* End PBXProject section */

/* Begin PBXResourcesBuildPhase section */
		E4EABBAF1B7B1FE3001F9624 /* Resources */ = {
			isa = PBXResourcesBuildPhase;
			buildActionMask = 2147483647;
			files = (
				E4E216771B7BA0BE00746041 /* services-25.png in Resources */,
				E4E216781B7BA0BE00746041 /* business-25.png in Resources */,
				E4EABBBF1B7B1FE3001F9624 /* Main.storyboard in Resources */,
				E4EABBC41B7B1FE3001F9624 /* LaunchScreen.xib in Resources */,
				E4940D011B84A06A00F4FB85 /* gender_neutral_user_filled-50.png in Resources */,
				E4E216751B7BA0BE00746041 /* gender_neutral_user-25.png in Resources */,
				E435C1E91B81B36100583508 /* images.jpeg in Resources */,
				E4E216761B7BA0BE00746041 /* settings-25.png in Resources */,
				E41B493E1B836EAB00FA3777 /* genericCompany.png in Resources */,
				E4EABBC11B7B1FE3001F9624 /* Images.xcassets in Resources */,
			);
			runOnlyForDeploymentPostprocessing = 0;
		};
		E4EABBC71B7B1FE3001F9624 /* Resources */ = {
			isa = PBXResourcesBuildPhase;
			buildActionMask = 2147483647;
			files = (
			);
			runOnlyForDeploymentPostprocessing = 0;
		};
/* End PBXResourcesBuildPhase section */

/* Begin PBXSourcesBuildPhase section */
		E4EABBAD1B7B1FE3001F9624 /* Sources */ = {
			isa = PBXSourcesBuildPhase;
			buildActionMask = 2147483647;
			files = (
				E4CD21561B7C46C4003C9395 /* rootUINavigationController.swift in Sources */,
				E4375D7C1B7DF2050049F88D /* CandidateProfileViewController.swift in Sources */,
				E4EABC031B7B2333001F9624 /* JobsViewController.swift in Sources */,
				E4375D7A1B7D06C30049F88D /* SettingsNavigationController.swift in Sources */,
				E4EABBBC1B7B1FE3001F9624 /* ViewController.swift in Sources */,
				E4E2167A1B7C3E7200746041 /* jobDescriptionViewController.swift in Sources */,
				E4EABC071B7B2333001F9624 /* ProfilesViewController.swift in Sources */,
				E4EABBB71B7B1FE3001F9624 /* AppDelegate.swift in Sources */,
				E4EABC041B7B2333001F9624 /* PostJobViewController.swift in Sources */,
				E4EABBBA1B7B1FE3001F9624 /* HELPER.xcdatamodeld in Sources */,
				E475E6EB1B7FA1CC00F5FB98 /* ProfileViewNavigationController.swift in Sources */,
				E4EABC061B7B2333001F9624 /* CompaniesViewController.swift in Sources */,
				E4EABC051B7B2333001F9624 /* SettingsViewController.swift in Sources */,
				E4375D781B7D065C0049F88D /* SettingsSignUpViewController.swift in Sources */,
				E4C39F891B7E407200559E8B /* IndividualProfileViewController.swift in Sources */,
			);
			runOnlyForDeploymentPostprocessing = 0;
		};
		E4EABBC51B7B1FE3001F9624 /* Sources */ = {
			isa = PBXSourcesBuildPhase;
			buildActionMask = 2147483647;
			files = (
				E4EABBD01B7B1FE3001F9624 /* HELPERTests.swift in Sources */,
			);
			runOnlyForDeploymentPostprocessing = 0;
		};
/* End PBXSourcesBuildPhase section */

/* Begin PBXTargetDependency section */
		E4EABBCB1B7B1FE3001F9624 /* PBXTargetDependency */ = {
			isa = PBXTargetDependency;
			target = E4EABBB01B7B1FE3001F9624 /* HELPER */;
			targetProxy = E4EABBCA1B7B1FE3001F9624 /* PBXContainerItemProxy */;
		};
/* End PBXTargetDependency section */

/* Begin PBXVariantGroup section */
		E4EABBBD1B7B1FE3001F9624 /* Main.storyboard */ = {
			isa = PBXVariantGroup;
			children = (
				E4EABBBE1B7B1FE3001F9624 /* Base */,
			);
			name = Main.storyboard;
			sourceTree = "<group>";
		};
		E4EABBC21B7B1FE3001F9624 /* LaunchScreen.xib */ = {
			isa = PBXVariantGroup;
			children = (
				E4EABBC31B7B1FE3001F9624 /* Base */,
			);
			name = LaunchScreen.xib;
			sourceTree = "<group>";
		};
/* End PBXVariantGroup section */

/* Begin XCBuildConfiguration section */
		E4EABBD11B7B1FE3001F9624 /* Debug */ = {
			isa = XCBuildConfiguration;
			buildSettings = {
				ALWAYS_SEARCH_USER_PATHS = NO;
				CLANG_CXX_LANGUAGE_STANDARD = "gnu++0x";
				CLANG_CXX_LIBRARY = "libc++";
				CLANG_ENABLE_MODULES = YES;
				CLANG_ENABLE_OBJC_ARC = YES;
				CLANG_WARN_BOOL_CONVERSION = YES;
				CLANG_WARN_CONSTANT_CONVERSION = YES;
				CLANG_WARN_DIRECT_OBJC_ISA_USAGE = YES_ERROR;
				CLANG_WARN_EMPTY_BODY = YES;
				CLANG_WARN_ENUM_CONVERSION = YES;
				CLANG_WARN_INT_CONVERSION = YES;
				CLANG_WARN_OBJC_ROOT_CLASS = YES_ERROR;
				CLANG_WARN_UNREACHABLE_CODE = YES;
				CLANG_WARN__DUPLICATE_METHOD_MATCH = YES;
				"CODE_SIGN_IDENTITY[sdk=iphoneos*]" = "iPhone Developer";
				COPY_PHASE_STRIP = NO;
				DEBUG_INFORMATION_FORMAT = "dwarf-with-dsym";
				ENABLE_STRICT_OBJC_MSGSEND = YES;
				GCC_C_LANGUAGE_STANDARD = gnu99;
				GCC_DYNAMIC_NO_PIC = NO;
				GCC_NO_COMMON_BLOCKS = YES;
				GCC_OPTIMIZATION_LEVEL = 0;
				GCC_PREPROCESSOR_DEFINITIONS = (
					"DEBUG=1",
					"$(inherited)",
				);
				GCC_SYMBOLS_PRIVATE_EXTERN = NO;
				GCC_WARN_64_TO_32_BIT_CONVERSION = YES;
				GCC_WARN_ABOUT_RETURN_TYPE = YES_ERROR;
				GCC_WARN_UNDECLARED_SELECTOR = YES;
				GCC_WARN_UNINITIALIZED_AUTOS = YES_AGGRESSIVE;
				GCC_WARN_UNUSED_FUNCTION = YES;
				GCC_WARN_UNUSED_VARIABLE = YES;
				IPHONEOS_DEPLOYMENT_TARGET = 8.4;
				MTL_ENABLE_DEBUG_INFO = YES;
				ONLY_ACTIVE_ARCH = YES;
				SDKROOT = iphoneos;
				SWIFT_OPTIMIZATION_LEVEL = "-Onone";
				TARGETED_DEVICE_FAMILY = "1,2";
			};
			name = Debug;
		};
		E4EABBD21B7B1FE3001F9624 /* Release */ = {
			isa = XCBuildConfiguration;
			buildSettings = {
				ALWAYS_SEARCH_USER_PATHS = NO;
				CLANG_CXX_LANGUAGE_STANDARD = "gnu++0x";
				CLANG_CXX_LIBRARY = "libc++";
				CLANG_ENABLE_MODULES = YES;
				CLANG_ENABLE_OBJC_ARC = YES;
				CLANG_WARN_BOOL_CONVERSION = YES;
				CLANG_WARN_CONSTANT_CONVERSION = YES;
				CLANG_WARN_DIRECT_OBJC_ISA_USAGE = YES_ERROR;
				CLANG_WARN_EMPTY_BODY = YES;
				CLANG_WARN_ENUM_CONVERSION = YES;
				CLANG_WARN_INT_CONVERSION = YES;
				CLANG_WARN_OBJC_ROOT_CLASS = YES_ERROR;
				CLANG_WARN_UNREACHABLE_CODE = YES;
				CLANG_WARN__DUPLICATE_METHOD_MATCH = YES;
				"CODE_SIGN_IDENTITY[sdk=iphoneos*]" = "iPhone Developer";
				COPY_PHASE_STRIP = NO;
				DEBUG_INFORMATION_FORMAT = "dwarf-with-dsym";
				ENABLE_NS_ASSERTIONS = NO;
				ENABLE_STRICT_OBJC_MSGSEND = YES;
				GCC_C_LANGUAGE_STANDARD = gnu99;
				GCC_NO_COMMON_BLOCKS = YES;
				GCC_WARN_64_TO_32_BIT_CONVERSION = YES;
				GCC_WARN_ABOUT_RETURN_TYPE = YES_ERROR;
				GCC_WARN_UNDECLARED_SELECTOR = YES;
				GCC_WARN_UNINITIALIZED_AUTOS = YES_AGGRESSIVE;
				GCC_WARN_UNUSED_FUNCTION = YES;
				GCC_WARN_UNUSED_VARIABLE = YES;
				IPHONEOS_DEPLOYMENT_TARGET = 8.4;
				MTL_ENABLE_DEBUG_INFO = NO;
				SDKROOT = iphoneos;
				TARGETED_DEVICE_FAMILY = "1,2";
				VALIDATE_PRODUCT = YES;
			};
			name = Release;
		};
		E4EABBD41B7B1FE3001F9624 /* Debug */ = {
			isa = XCBuildConfiguration;
			buildSettings = {
				ASSETCATALOG_COMPILER_APPICON_NAME = AppIcon;
				FRAMEWORK_SEARCH_PATHS = (
					"$(inherited)",
					"$(PROJECT_DIR)/HELPER",
				);
				INFOPLIST_FILE = HELPER/Info.plist;
				LD_RUNPATH_SEARCH_PATHS = "$(inherited) @executable_path/Frameworks";
				PRODUCT_NAME = "$(TARGET_NAME)";
			};
			name = Debug;
		};
		E4EABBD51B7B1FE3001F9624 /* Release */ = {
			isa = XCBuildConfiguration;
			buildSettings = {
				ASSETCATALOG_COMPILER_APPICON_NAME = AppIcon;
				FRAMEWORK_SEARCH_PATHS = (
					"$(inherited)",
					"$(PROJECT_DIR)/HELPER",
				);
				INFOPLIST_FILE = HELPER/Info.plist;
				LD_RUNPATH_SEARCH_PATHS = "$(inherited) @executable_path/Frameworks";
				PRODUCT_NAME = "$(TARGET_NAME)";
			};
			name = Release;
		};
		E4EABBD71B7B1FE3001F9624 /* Debug */ = {
			isa = XCBuildConfiguration;
			buildSettings = {
				BUNDLE_LOADER = "$(TEST_HOST)";
				FRAMEWORK_SEARCH_PATHS = (
					"$(SDKROOT)/Developer/Library/Frameworks",
					"$(inherited)",
				);
				GCC_PREPROCESSOR_DEFINITIONS = (
					"DEBUG=1",
					"$(inherited)",
				);
				INFOPLIST_FILE = HELPERTests/Info.plist;
				LD_RUNPATH_SEARCH_PATHS = "$(inherited) @executable_path/Frameworks @loader_path/Frameworks";
				PRODUCT_NAME = "$(TARGET_NAME)";
				TEST_HOST = "$(BUILT_PRODUCTS_DIR)/HELPER.app/HELPER";
			};
			name = Debug;
		};
		E4EABBD81B7B1FE3001F9624 /* Release */ = {
			isa = XCBuildConfiguration;
			buildSettings = {
				BUNDLE_LOADER = "$(TEST_HOST)";
				FRAMEWORK_SEARCH_PATHS = (
					"$(SDKROOT)/Developer/Library/Frameworks",
					"$(inherited)",
				);
				INFOPLIST_FILE = HELPERTests/Info.plist;
				LD_RUNPATH_SEARCH_PATHS = "$(inherited) @executable_path/Frameworks @loader_path/Frameworks";
				PRODUCT_NAME = "$(TARGET_NAME)";
				TEST_HOST = "$(BUILT_PRODUCTS_DIR)/HELPER.app/HELPER";
			};
			name = Release;
		};
/* End XCBuildConfiguration section */

/* Begin XCConfigurationList section */
		E4EABBAC1B7B1FE3001F9624 /* Build configuration list for PBXProject "HELPER" */ = {
			isa = XCConfigurationList;
			buildConfigurations = (
				E4EABBD11B7B1FE3001F9624 /* Debug */,
				E4EABBD21B7B1FE3001F9624 /* Release */,
			);
			defaultConfigurationIsVisible = 0;
			defaultConfigurationName = Release;
		};
		E4EABBD31B7B1FE3001F9624 /* Build configuration list for PBXNativeTarget "HELPER" */ = {
			isa = XCConfigurationList;
			buildConfigurations = (
				E4EABBD41B7B1FE3001F9624 /* Debug */,
				E4EABBD51B7B1FE3001F9624 /* Release */,
			);
			defaultConfigurationIsVisible = 0;
			defaultConfigurationName = Release;
		};
		E4EABBD61B7B1FE3001F9624 /* Build configuration list for PBXNativeTarget "HELPERTests" */ = {
			isa = XCConfigurationList;
			buildConfigurations = (
				E4EABBD71B7B1FE3001F9624 /* Debug */,
				E4EABBD81B7B1FE3001F9624 /* Release */,
			);
			defaultConfigurationIsVisible = 0;
			defaultConfigurationName = Release;
		};
/* End XCConfigurationList section */

/* Begin XCVersionGroup section */
		E4EABBB81B7B1FE3001F9624 /* HELPER.xcdatamodeld */ = {
			isa = XCVersionGroup;
			children = (
				E4EABBB91B7B1FE3001F9624 /* HELPER.xcdatamodel */,
			);
			currentVersion = E4EABBB91B7B1FE3001F9624 /* HELPER.xcdatamodel */;
			path = HELPER.xcdatamodeld;
			sourceTree = "<group>";
			versionGroupType = wrapper.xcdatamodel;
		};
/* End XCVersionGroup section */
	};
	rootObject = E4EABBA91B7B1FE3001F9624 /* Project object */;
}
